
Microsoft Visual Studio Solution File, Format Version 12.00
# Visual Studio Version 16
VisualStudioVersion = 16.0.31025.194
MinimumVisualStudioVersion = 10.0.40219.1
Project("{FAE04EC0-301F-11D3-BF4B-00C04F79EFBC}") = "FizzBuzzWeb", "FizzBuzzWeb.csproj", "{D7F9AF06-2B24-438A-860D-208B3E05D0F4}"
EndProject
Global
	GlobalSection(SolutionConfigurationPlatforms) = preSolution
		Debug|Any CPU = Debug|Any CPU
		Release|Any CPU = Release|Any CPU
	EndGlobalSection
	GlobalSection(ProjectConfigurationPlatforms) = postSolution
		{D7F9AF06-2B24-438A-860D-208B3E05D0F4}.Debug|Any CPU.ActiveCfg = Debug|Any CPU
		{D7F9AF06-2B24-438A-860D-208B3E05D0F4}.Debug|Any CPU.Build.0 = Debug|Any CPU
		{D7F9AF06-2B24-438A-860D-208B3E05D0F4}.Release|Any CPU.ActiveCfg = Release|Any CPU
		{D7F9AF06-2B24-438A-860D-208B3E05D0F4}.Release|Any CPU.Build.0 = Release|Any CPU
	EndGlobalSection
	GlobalSection(SolutionProperties) = preSolution
		HideSolutionNode = FALSE
	EndGlobalSection
	GlobalSection(ExtensibilityGlobals) = postSolution
		SolutionGuid = {EE199349-F483-4CFD-B9FC-689855494BDC}
	EndGlobalSection
EndGlobal
